
Microsoft Visual Studio Solution File, Format Version 12.00
# Visual Studio Version 16
VisualStudioVersion = 16.0.29209.62
MinimumVisualStudioVersion = 10.0.40219.1
Project("{FAE04EC0-301F-11D3-BF4B-00C04F79EFBC}") = "WarehouseApplication", "WarehouseApplication.csproj", "{8C5A51FF-5CBF-4FA0-A090-CB7BB5EE1900}"
EndProject
Global
	GlobalSection(SolutionConfigurationPlatforms) = preSolution
		Debug|Any CPU = Debug|Any CPU
		Release|Any CPU = Release|Any CPU
	EndGlobalSection
	GlobalSection(ProjectConfigurationPlatforms) = postSolution
		{8C5A51FF-5CBF-4FA0-A090-CB7BB5EE1900}.Debug|Any CPU.ActiveCfg = Debug|Any CPU
		{8C5A51FF-5CBF-4FA0-A090-CB7BB5EE1900}.Debug|Any CPU.Build.0 = Debug|Any CPU
		{8C5A51FF-5CBF-4FA0-A090-CB7BB5EE1900}.Release|Any CPU.ActiveCfg = Release|Any CPU
		{8C5A51FF-5CBF-4FA0-A090-CB7BB5EE1900}.Release|Any CPU.Build.0 = Release|Any CPU
	EndGlobalSection
	GlobalSection(SolutionProperties) = preSolution
		HideSolutionNode = FALSE
	EndGlobalSection
	GlobalSection(ExtensibilityGlobals) = postSolution
		SolutionGuid = {6580AEBF-7829-4507-91ED-A822A3F3847D}
	EndGlobalSection
EndGlobal
